
Microsoft Visual Studio Solution File, Format Version 12.00
# Visual Studio Version 16
VisualStudioVersion = 16.0.810.20
MinimumVisualStudioVersion = 10.0.40219.1
Project("{FAE04EC0-301F-11D3-BF4B-00C04F79EFBC}") = "numpro", "numpro\numpro.csproj", "{996FEF25-4036-4BB1-AECA-6D8685337FA1}"
EndProject
Global
	GlobalSection(SolutionConfigurationPlatforms) = preSolution
		Debug|anycpu = Debug|anycpu
		Release|anycpu = Release|anycpu
	EndGlobalSection
	GlobalSection(ProjectConfigurationPlatforms) = postSolution
		{996FEF25-4036-4BB1-AECA-6D8685337FA1}.Debug|anycpu.ActiveCfg = Debug|anycpu
		{996FEF25-4036-4BB1-AECA-6D8685337FA1}.Debug|anycpu.Build.0 = Debug|anycpu
		{996FEF25-4036-4BB1-AECA-6D8685337FA1}.Release|anycpu.ActiveCfg = Release|anycpu
		{996FEF25-4036-4BB1-AECA-6D8685337FA1}.Release|anycpu.Build.0 = Release|anycpu
	EndGlobalSection
	GlobalSection(SolutionProperties) = preSolution
		HideSolutionNode = FALSE
	EndGlobalSection
	GlobalSection(ExtensibilityGlobals) = postSolution
		SolutionGuid = {77304CAE-1427-47AF-AAE8-329D5F362C15}
	EndGlobalSection
EndGlobal
